
Microsoft Visual Studio Solution File, Format Version 12.00
# Visual Studio Version 17
VisualStudioVersion = 17.1.32328.378
MinimumVisualStudioVersion = 10.0.40219.1
Project("{FAE04EC0-301F-11D3-BF4B-00C04F79EFBC}") = "Client-async", "Client-async\Client-async.csproj", "{16409138-C327-4728-A0C9-DEA5D2BECA1C}"
EndProject
Global
	GlobalSection(SolutionConfigurationPlatforms) = preSolution
		Debug|Any CPU = Debug|Any CPU
		Release|Any CPU = Release|Any CPU
	EndGlobalSection
	GlobalSection(ProjectConfigurationPlatforms) = postSolution
		{16409138-C327-4728-A0C9-DEA5D2BECA1C}.Debug|Any CPU.ActiveCfg = Debug|Any CPU
		{16409138-C327-4728-A0C9-DEA5D2BECA1C}.Debug|Any CPU.Build.0 = Debug|Any CPU
		{16409138-C327-4728-A0C9-DEA5D2BECA1C}.Release|Any CPU.ActiveCfg = Release|Any CPU
		{16409138-C327-4728-A0C9-DEA5D2BECA1C}.Release|Any CPU.Build.0 = Release|Any CPU
	EndGlobalSection
	GlobalSection(SolutionProperties) = preSolution
		HideSolutionNode = FALSE
	EndGlobalSection
	GlobalSection(ExtensibilityGlobals) = postSolution
		SolutionGuid = {BE509A66-152F-4238-A2EA-ABADD014FA2C}
	EndGlobalSection
EndGlobal
