
Microsoft Visual Studio Solution File, Format Version 12.00
# Visual Studio Version 17
VisualStudioVersion = 17.0.32126.317
MinimumVisualStudioVersion = 10.0.40219.1
Project("{FAE04EC0-301F-11D3-BF4B-00C04F79EFBC}") = "problem8", "problem8.csproj", "{453A0BC2-B693-45BB-84B5-10C54B96FC57}"
EndProject
Global
	GlobalSection(SolutionConfigurationPlatforms) = preSolution
		Debug|Any CPU = Debug|Any CPU
		Release|Any CPU = Release|Any CPU
	EndGlobalSection
	GlobalSection(ProjectConfigurationPlatforms) = postSolution
		{453A0BC2-B693-45BB-84B5-10C54B96FC57}.Debug|Any CPU.ActiveCfg = Debug|Any CPU
		{453A0BC2-B693-45BB-84B5-10C54B96FC57}.Debug|Any CPU.Build.0 = Debug|Any CPU
		{453A0BC2-B693-45BB-84B5-10C54B96FC57}.Release|Any CPU.ActiveCfg = Release|Any CPU
		{453A0BC2-B693-45BB-84B5-10C54B96FC57}.Release|Any CPU.Build.0 = Release|Any CPU
	EndGlobalSection
	GlobalSection(SolutionProperties) = preSolution
		HideSolutionNode = FALSE
	EndGlobalSection
	GlobalSection(ExtensibilityGlobals) = postSolution
		SolutionGuid = {BAA260BF-8FAF-4572-9AFD-65F93E50AA61}
	EndGlobalSection
EndGlobal
