
Microsoft Visual Studio Solution File, Format Version 12.00
# Visual Studio Version 17
VisualStudioVersion = 17.1.32328.378
MinimumVisualStudioVersion = 10.0.40219.1
Project("{FAE04EC0-301F-11D3-BF4B-00C04F79EFBC}") = "Server-async", "Server-async\Server-async.csproj", "{4A622249-B3C4-4242-85DF-B02AAE9116E9}"
EndProject
Global
	GlobalSection(SolutionConfigurationPlatforms) = preSolution
		Debug|Any CPU = Debug|Any CPU
		Release|Any CPU = Release|Any CPU
	EndGlobalSection
	GlobalSection(ProjectConfigurationPlatforms) = postSolution
		{4A622249-B3C4-4242-85DF-B02AAE9116E9}.Debug|Any CPU.ActiveCfg = Debug|Any CPU
		{4A622249-B3C4-4242-85DF-B02AAE9116E9}.Debug|Any CPU.Build.0 = Debug|Any CPU
		{4A622249-B3C4-4242-85DF-B02AAE9116E9}.Release|Any CPU.ActiveCfg = Release|Any CPU
		{4A622249-B3C4-4242-85DF-B02AAE9116E9}.Release|Any CPU.Build.0 = Release|Any CPU
	EndGlobalSection
	GlobalSection(SolutionProperties) = preSolution
		HideSolutionNode = FALSE
	EndGlobalSection
	GlobalSection(ExtensibilityGlobals) = postSolution
		SolutionGuid = {DA3079AA-4E23-49B5-9233-D324869DC939}
	EndGlobalSection
EndGlobal
