
Microsoft Visual Studio Solution File, Format Version 12.00
# Visual Studio Version 17
VisualStudioVersion = 17.0.32126.317
MinimumVisualStudioVersion = 10.0.40219.1
Project("{FAE04EC0-301F-11D3-BF4B-00C04F79EFBC}") = "quize1", "quize1.csproj", "{D499830A-F642-48CD-BAF6-95718F653042}"
EndProject
Global
	GlobalSection(SolutionConfigurationPlatforms) = preSolution
		Debug|Any CPU = Debug|Any CPU
		Release|Any CPU = Release|Any CPU
	EndGlobalSection
	GlobalSection(ProjectConfigurationPlatforms) = postSolution
		{D499830A-F642-48CD-BAF6-95718F653042}.Debug|Any CPU.ActiveCfg = Debug|Any CPU
		{D499830A-F642-48CD-BAF6-95718F653042}.Debug|Any CPU.Build.0 = Debug|Any CPU
		{D499830A-F642-48CD-BAF6-95718F653042}.Release|Any CPU.ActiveCfg = Release|Any CPU
		{D499830A-F642-48CD-BAF6-95718F653042}.Release|Any CPU.Build.0 = Release|Any CPU
	EndGlobalSection
	GlobalSection(SolutionProperties) = preSolution
		HideSolutionNode = FALSE
	EndGlobalSection
	GlobalSection(ExtensibilityGlobals) = postSolution
		SolutionGuid = {1548C3F8-2091-4CB4-B407-F0B4B7337BDA}
	EndGlobalSection
EndGlobal
