
Microsoft Visual Studio Solution File, Format Version 12.00
# Visual Studio Version 17
VisualStudioVersion = 17.0.32126.317
MinimumVisualStudioVersion = 10.0.40219.1
Project("{FAE04EC0-301F-11D3-BF4B-00C04F79EFBC}") = "example1s5", "example1s5.csproj", "{1D1A4661-9685-4D89-A78B-74A859490F55}"
EndProject
Global
	GlobalSection(SolutionConfigurationPlatforms) = preSolution
		Debug|Any CPU = Debug|Any CPU
		Release|Any CPU = Release|Any CPU
	EndGlobalSection
	GlobalSection(ProjectConfigurationPlatforms) = postSolution
		{1D1A4661-9685-4D89-A78B-74A859490F55}.Debug|Any CPU.ActiveCfg = Debug|Any CPU
		{1D1A4661-9685-4D89-A78B-74A859490F55}.Debug|Any CPU.Build.0 = Debug|Any CPU
		{1D1A4661-9685-4D89-A78B-74A859490F55}.Release|Any CPU.ActiveCfg = Release|Any CPU
		{1D1A4661-9685-4D89-A78B-74A859490F55}.Release|Any CPU.Build.0 = Release|Any CPU
	EndGlobalSection
	GlobalSection(SolutionProperties) = preSolution
		HideSolutionNode = FALSE
	EndGlobalSection
	GlobalSection(ExtensibilityGlobals) = postSolution
		SolutionGuid = {658746A4-B860-44A0-B7AD-EF3AC61C9D41}
	EndGlobalSection
EndGlobal
