
Microsoft Visual Studio Solution File, Format Version 12.00
# Visual Studio Version 17
VisualStudioVersion = 17.0.32126.317
MinimumVisualStudioVersion = 10.0.40219.1
Project("{FAE04EC0-301F-11D3-BF4B-00C04F79EFBC}") = "ex6S35", "ex6S35.csproj", "{A482716C-0555-4B8A-BDE1-C69BA82F48DB}"
EndProject
Global
	GlobalSection(SolutionConfigurationPlatforms) = preSolution
		Debug|Any CPU = Debug|Any CPU
		Release|Any CPU = Release|Any CPU
	EndGlobalSection
	GlobalSection(ProjectConfigurationPlatforms) = postSolution
		{A482716C-0555-4B8A-BDE1-C69BA82F48DB}.Debug|Any CPU.ActiveCfg = Debug|Any CPU
		{A482716C-0555-4B8A-BDE1-C69BA82F48DB}.Debug|Any CPU.Build.0 = Debug|Any CPU
		{A482716C-0555-4B8A-BDE1-C69BA82F48DB}.Release|Any CPU.ActiveCfg = Release|Any CPU
		{A482716C-0555-4B8A-BDE1-C69BA82F48DB}.Release|Any CPU.Build.0 = Release|Any CPU
	EndGlobalSection
	GlobalSection(SolutionProperties) = preSolution
		HideSolutionNode = FALSE
	EndGlobalSection
	GlobalSection(ExtensibilityGlobals) = postSolution
		SolutionGuid = {33855F8D-8E99-4919-8710-424F53BDB51E}
	EndGlobalSection
EndGlobal
