
Microsoft Visual Studio Solution File, Format Version 12.00
# Visual Studio Version 17
VisualStudioVersion = 17.0.32126.317
MinimumVisualStudioVersion = 10.0.40219.1
Project("{FAE04EC0-301F-11D3-BF4B-00C04F79EFBC}") = "BinarySerializationExtraInfo", "BinarySerializationExtraInfo.csproj", "{B8FADF71-3AA4-4435-8B0C-16877DC9BE5B}"
EndProject
Global
	GlobalSection(SolutionConfigurationPlatforms) = preSolution
		Debug|Any CPU = Debug|Any CPU
		Release|Any CPU = Release|Any CPU
	EndGlobalSection
	GlobalSection(ProjectConfigurationPlatforms) = postSolution
		{B8FADF71-3AA4-4435-8B0C-16877DC9BE5B}.Debug|Any CPU.ActiveCfg = Debug|Any CPU
		{B8FADF71-3AA4-4435-8B0C-16877DC9BE5B}.Debug|Any CPU.Build.0 = Debug|Any CPU
		{B8FADF71-3AA4-4435-8B0C-16877DC9BE5B}.Release|Any CPU.ActiveCfg = Release|Any CPU
		{B8FADF71-3AA4-4435-8B0C-16877DC9BE5B}.Release|Any CPU.Build.0 = Release|Any CPU
	EndGlobalSection
	GlobalSection(SolutionProperties) = preSolution
		HideSolutionNode = FALSE
	EndGlobalSection
	GlobalSection(ExtensibilityGlobals) = postSolution
		SolutionGuid = {8E710259-5424-490F-A7B4-66CF729C5DA2}
	EndGlobalSection
EndGlobal
