
Microsoft Visual Studio Solution File, Format Version 12.00
# Visual Studio Version 17
VisualStudioVersion = 17.0.32126.317
MinimumVisualStudioVersion = 10.0.40219.1
Project("{FAE04EC0-301F-11D3-BF4B-00C04F79EFBC}") = "ex6S33", "ex6S33.csproj", "{B37522EF-E78B-4113-8E35-5767F9D81CFB}"
EndProject
Global
	GlobalSection(SolutionConfigurationPlatforms) = preSolution
		Debug|Any CPU = Debug|Any CPU
		Release|Any CPU = Release|Any CPU
	EndGlobalSection
	GlobalSection(ProjectConfigurationPlatforms) = postSolution
		{B37522EF-E78B-4113-8E35-5767F9D81CFB}.Debug|Any CPU.ActiveCfg = Debug|Any CPU
		{B37522EF-E78B-4113-8E35-5767F9D81CFB}.Debug|Any CPU.Build.0 = Debug|Any CPU
		{B37522EF-E78B-4113-8E35-5767F9D81CFB}.Release|Any CPU.ActiveCfg = Release|Any CPU
		{B37522EF-E78B-4113-8E35-5767F9D81CFB}.Release|Any CPU.Build.0 = Release|Any CPU
	EndGlobalSection
	GlobalSection(SolutionProperties) = preSolution
		HideSolutionNode = FALSE
	EndGlobalSection
	GlobalSection(ExtensibilityGlobals) = postSolution
		SolutionGuid = {CF4FBFA4-3F4C-4D8B-8BFA-2E52F88886A8}
	EndGlobalSection
EndGlobal
