
Microsoft Visual Studio Solution File, Format Version 12.00
# Visual Studio Version 17
VisualStudioVersion = 17.0.32126.317
MinimumVisualStudioVersion = 10.0.40219.1
Project("{FAE04EC0-301F-11D3-BF4B-00C04F79EFBC}") = "ex3", "ex3.csproj", "{D44732C3-F69B-4133-BA16-D614FDAE8253}"
EndProject
Global
	GlobalSection(SolutionConfigurationPlatforms) = preSolution
		Debug|Any CPU = Debug|Any CPU
		Release|Any CPU = Release|Any CPU
	EndGlobalSection
	GlobalSection(ProjectConfigurationPlatforms) = postSolution
		{D44732C3-F69B-4133-BA16-D614FDAE8253}.Debug|Any CPU.ActiveCfg = Debug|Any CPU
		{D44732C3-F69B-4133-BA16-D614FDAE8253}.Debug|Any CPU.Build.0 = Debug|Any CPU
		{D44732C3-F69B-4133-BA16-D614FDAE8253}.Release|Any CPU.ActiveCfg = Release|Any CPU
		{D44732C3-F69B-4133-BA16-D614FDAE8253}.Release|Any CPU.Build.0 = Release|Any CPU
	EndGlobalSection
	GlobalSection(SolutionProperties) = preSolution
		HideSolutionNode = FALSE
	EndGlobalSection
	GlobalSection(ExtensibilityGlobals) = postSolution
		SolutionGuid = {FE323DD1-1829-4683-9F47-F57F2812A12A}
	EndGlobalSection
EndGlobal
