
Microsoft Visual Studio Solution File, Format Version 12.00
# Visual Studio Version 17
VisualStudioVersion = 17.0.32126.317
MinimumVisualStudioVersion = 10.0.40219.1
Project("{FAE04EC0-301F-11D3-BF4B-00C04F79EFBC}") = "ex10Sl41Directory2", "ex10Sl41Directory2.csproj", "{B10EACEE-A771-4872-9DDF-90604C0E842C}"
EndProject
Global
	GlobalSection(SolutionConfigurationPlatforms) = preSolution
		Debug|Any CPU = Debug|Any CPU
		Release|Any CPU = Release|Any CPU
	EndGlobalSection
	GlobalSection(ProjectConfigurationPlatforms) = postSolution
		{B10EACEE-A771-4872-9DDF-90604C0E842C}.Debug|Any CPU.ActiveCfg = Debug|Any CPU
		{B10EACEE-A771-4872-9DDF-90604C0E842C}.Debug|Any CPU.Build.0 = Debug|Any CPU
		{B10EACEE-A771-4872-9DDF-90604C0E842C}.Release|Any CPU.ActiveCfg = Release|Any CPU
		{B10EACEE-A771-4872-9DDF-90604C0E842C}.Release|Any CPU.Build.0 = Release|Any CPU
	EndGlobalSection
	GlobalSection(SolutionProperties) = preSolution
		HideSolutionNode = FALSE
	EndGlobalSection
	GlobalSection(ExtensibilityGlobals) = postSolution
		SolutionGuid = {D5BF2727-EA59-4B87-9532-0161E7E6E2D9}
	EndGlobalSection
EndGlobal
